
Microsoft Visual Studio Solution File, Format Version 12.00
# Visual Studio Version 16
VisualStudioVersion = 16.0.32002.261
MinimumVisualStudioVersion = 10.0.40219.1
Project("{FAE04EC0-301F-11D3-BF4B-00C04F79EFBC}") = "Mootra.Android", "Mootra.Android\Mootra.Android.csproj", "{90751C0F-D32E-4DC4-9531-7E3BA24FE8BE}"
EndProject
Project("{FAE04EC0-301F-11D3-BF4B-00C04F79EFBC}") = "Mootra", "Mootra\Mootra.csproj", "{EC54D8F2-106E-4E57-9D4E-291896723E0D}"
EndProject
Global
	GlobalSection(SolutionConfigurationPlatforms) = preSolution
		Debug|Any CPU = Debug|Any CPU
		Release|Any CPU = Release|Any CPU
	EndGlobalSection
	GlobalSection(ProjectConfigurationPlatforms) = postSolution
		{90751C0F-D32E-4DC4-9531-7E3BA24FE8BE}.Debug|Any CPU.ActiveCfg = Debug|Any CPU
		{90751C0F-D32E-4DC4-9531-7E3BA24FE8BE}.Debug|Any CPU.Build.0 = Debug|Any CPU
		{90751C0F-D32E-4DC4-9531-7E3BA24FE8BE}.Debug|Any CPU.Deploy.0 = Debug|Any CPU
		{90751C0F-D32E-4DC4-9531-7E3BA24FE8BE}.Release|Any CPU.ActiveCfg = Release|Any CPU
		{90751C0F-D32E-4DC4-9531-7E3BA24FE8BE}.Release|Any CPU.Build.0 = Release|Any CPU
		{90751C0F-D32E-4DC4-9531-7E3BA24FE8BE}.Release|Any CPU.Deploy.0 = Release|Any CPU
		{EC54D8F2-106E-4E57-9D4E-291896723E0D}.Debug|Any CPU.ActiveCfg = Debug|Any CPU
		{EC54D8F2-106E-4E57-9D4E-291896723E0D}.Debug|Any CPU.Build.0 = Debug|Any CPU
		{EC54D8F2-106E-4E57-9D4E-291896723E0D}.Debug|Any CPU.Deploy.0 = Debug|Any CPU
		{EC54D8F2-106E-4E57-9D4E-291896723E0D}.Release|Any CPU.ActiveCfg = Release|Any CPU
		{EC54D8F2-106E-4E57-9D4E-291896723E0D}.Release|Any CPU.Build.0 = Release|Any CPU
		{EC54D8F2-106E-4E57-9D4E-291896723E0D}.Release|Any CPU.Deploy.0 = Release|Any CPU
	EndGlobalSection
	GlobalSection(SolutionProperties) = preSolution
		HideSolutionNode = FALSE
	EndGlobalSection
	GlobalSection(ExtensibilityGlobals) = postSolution
		SolutionGuid = {2EF227AE-786A-4690-A315-EADE720877A7}
	EndGlobalSection
EndGlobal
